
Microsoft Visual Studio Solution File, Format Version 12.00
# Visual Studio Version 16
VisualStudioVersion = 16.0.33027.164
MinimumVisualStudioVersion = 10.0.40219.1
Project("{FAE04EC0-301F-11D3-BF4B-00C04F79EFBC}") = "prova", "prova.csproj", "{226DF610-3183-410A-8361-FD8ADEB9028F}"
EndProject
Global
	GlobalSection(SolutionConfigurationPlatforms) = preSolution
		Debug|Any CPU = Debug|Any CPU
		Release|Any CPU = Release|Any CPU
	EndGlobalSection
	GlobalSection(ProjectConfigurationPlatforms) = postSolution
		{226DF610-3183-410A-8361-FD8ADEB9028F}.Debug|Any CPU.ActiveCfg = Debug|Any CPU
		{226DF610-3183-410A-8361-FD8ADEB9028F}.Debug|Any CPU.Build.0 = Debug|Any CPU
		{226DF610-3183-410A-8361-FD8ADEB9028F}.Release|Any CPU.ActiveCfg = Release|Any CPU
		{226DF610-3183-410A-8361-FD8ADEB9028F}.Release|Any CPU.Build.0 = Release|Any CPU
	EndGlobalSection
	GlobalSection(SolutionProperties) = preSolution
		HideSolutionNode = FALSE
	EndGlobalSection
	GlobalSection(ExtensibilityGlobals) = postSolution
		SolutionGuid = {B230B79E-CF05-4B99-A5CD-4718A4181431}
	EndGlobalSection
EndGlobal
